# This file is autogenerated, do not edit; changes may be undone by the next 'dep ensure'.


[[projects]]
  branch = "master"
  digest = "1:2925fb3d090dafbabab6f1485b6d0abb99bd18ce1cebb1cf44061f9d6a3c057d"
  name = "github.com/markcheno/go-quote"
  packages = ["."]
  pruneopts = "UT"
  revision = "cbac6378d20fec9488c159c8c92a874cfa00c606"

[[projects]]
  branch = "master"
  digest = "1:91e4fe662be2ef824d6f88757f5fdcd42c856e96d0881a22f4bcfbf84aa3d481"
  name = "github.com/markcheno/go-talib"
  packages = ["."]
  pruneopts = "UT"
  revision = "cd53a9264d70bedcff891f59bf153275f524c100"

[solve-meta]
  analyzer-name = "dep"
  analyzer-version = 1
  input-imports = [
    "github.com/markcheno/go-quote",
    "github.com/markcheno/go-talib",
  ]
  solver-name = "gps-cdcl"
  solver-version = 1
