# This file is autogenerated, do not edit; changes may be undone by the next 'dep ensure'.


[[projects]]
  branch = "master"
  digest = "1:91e4fe662be2ef824d6f88757f5fdcd42c856e96d0881a22f4bcfbf84aa3d481"
  name = "github.com/markcheno/go-talib"
  packages = ["."]
  pruneopts = "UT"
  revision = "cd53a9264d70bedcff891f59bf153275f524c100"

[[projects]]
  digest = "1:d37c61a335d13bc49b3f90e9e13c8686e4548839b69c58549e727afb2245c454"
  name = "gopkg.in/ini.v1"
  packages = ["."]
  pruneopts = "UT"
  revision = "c85607071cf08ca1adaf48319cd1aa322e81d8c1"
  version = "v1.42.0"

[solve-meta]
  analyzer-name = "dep"
  analyzer-version = 1
  input-imports = [
    "github.com/markcheno/go-talib",
    "gopkg.in/ini.v1",
  ]
  solver-name = "gps-cdcl"
  solver-version = 1
